// !$*UTF8*$!
{
	archiveVersion = 1;
	classes = {
	};
	objectVersion = 46;
	objects = {

/* Begin PBXBuildFile section */
		5764DC181985D15200B03159 /* main.swift in Sources */ = {isa = PBXBuildFile; fileRef = 5764DC171985D15200B03159 /* main.swift */; };
		5764DC211985D2B600B03159 /* LoremParser.swift in Sources */ = {isa = PBXBuildFile; fileRef = 5764DC1E1985D2B600B03159 /* LoremParser.swift */; };
		5764DC221985D2B600B03159 /* Models.swift in Sources */ = {isa = PBXBuildFile; fileRef = 5764DC1F1985D2B600B03159 /* Models.swift */; };
		5764DC231985D2B600B03159 /* Multiset.swift in Sources */ = {isa = PBXBuildFile; fileRef = 5764DC201985D2B600B03159 /* Multiset.swift */; };
/* End PBXBuildFile section */

/* Begin PBXCopyFilesBuildPhase section */
		5764DC121985D15200B03159 /* CopyFiles */ = {
			isa = PBXCopyFilesBuildPhase;
			buildActionMask = 2147483647;
			dstPath = /usr/share/man/man1/;
			dstSubfolderSpec = 0;
			files = (
			);
			runOnlyForDeploymentPostprocessing = 1;
		};
/* End PBXCopyFilesBuildPhase section */

/* Begin PBXFileReference section */
		5764DC141985D15200B03159 /* Explorem */ = {isa = PBXFileReference; explicitFileType = "compiled.mach-o.executable"; includeInIndex = 0; path = Explorem; sourceTree = BUILT_PRODUCTS_DIR; };
		5764DC171985D15200B03159 /* main.swift */ = {isa = PBXFileReference; lastKnownFileType = sourcecode.swift; path = main.swift; sourceTree = "<group>"; };
		5764DC1E1985D2B600B03159 /* LoremParser.swift */ = {isa = PBXFileReference; fileEncoding = 4; lastKnownFileType = sourcecode.swift; path = LoremParser.swift; sourceTree = "<group>"; };
		5764DC1F1985D2B600B03159 /* Models.swift */ = {isa = PBXFileReference; fileEncoding = 4; lastKnownFileType = sourcecode.swift; path = Models.swift; sourceTree = "<group>"; };
		5764DC201985D2B600B03159 /* Multiset.swift */ = {isa = PBXFileReference; fileEncoding = 4; lastKnownFileType = sourcecode.swift; path = Multiset.swift; sourceTree = "<group>"; };
		5764DC241985D58A00B03159 /* loremipsum0.txt */ = {isa = PBXFileReference; fileEncoding = 4; lastKnownFileType = text; path = loremipsum0.txt; sourceTree = "<group>"; };
		5764DC251985D58A00B03159 /* loremipsum1.txt */ = {isa = PBXFileReference; fileEncoding = 4; lastKnownFileType = text; path = loremipsum1.txt; sourceTree = "<group>"; };
		5764DC261985D58A00B03159 /* loremipsum2.txt */ = {isa = PBXFileReference; fileEncoding = 4; lastKnownFileType = text; path = loremipsum2.txt; sourceTree = "<group>"; };
		5764DC271985D58A00B03159 /* loremipsum3.txt */ = {isa = PBXFileReference; fileEncoding = 4; lastKnownFileType = text; path = loremipsum3.txt; sourceTree = "<group>"; };
		5764DC281985D58A00B03159 /* loremipsum4.txt */ = {isa = PBXFileReference; fileEncoding = 4; lastKnownFileType = text; path = loremipsum4.txt; sourceTree = "<group>"; };
		5764DC291985D58A00B03159 /* loremipsum5.txt */ = {isa = PBXFileReference; fileEncoding = 4; lastKnownFileType = text; path = loremipsum5.txt; sourceTree = "<group>"; };
		5764DC2A1985D58A00B03159 /* loremipsum6.txt */ = {isa = PBXFileReference; fileEncoding = 4; lastKnownFileType = text; path = loremipsum6.txt; sourceTree = "<group>"; };
		5764DC2B1985D58A00B03159 /* loremipsum7.txt */ = {isa = PBXFileReference; fileEncoding = 4; lastKnownFileType = text; path = loremipsum7.txt; sourceTree = "<group>"; };
		5764DC2C1985D58A00B03159 /* loremipsum8.txt */ = {isa = PBXFileReference; fileEncoding = 4; lastKnownFileType = text; path = loremipsum8.txt; sourceTree = "<group>"; };
		5764DC2D1985D58A00B03159 /* loremipsum9.txt */ = {isa = PBXFileReference; fileEncoding = 4; lastKnownFileType = text; path = loremipsum9.txt; sourceTree = "<group>"; };
		579BF6601985E1420015B0F7 /* Scratchpad.playground */ = {isa = PBXFileReference; lastKnownFileType = file.playground; path = Scratchpad.playground; sourceTree = "<group>"; };
/* End PBXFileReference section */

/* Begin PBXFrameworksBuildPhase section */
		5764DC111985D15200B03159 /* Frameworks */ = {
			isa = PBXFrameworksBuildPhase;
			buildActionMask = 2147483647;
			files = (
			);
			runOnlyForDeploymentPostprocessing = 0;
		};
/* End PBXFrameworksBuildPhase section */

/* Begin PBXGroup section */
		5764DC0B1985D15200B03159 = {
			isa = PBXGroup;
			children = (
				579BF6601985E1420015B0F7 /* Scratchpad.playground */,
				5764DC161985D15200B03159 /* Explorem */,
				5764DC151985D15200B03159 /* Products */,
				5764DC241985D58A00B03159 /* loremipsum0.txt */,
				5764DC251985D58A00B03159 /* loremipsum1.txt */,
				5764DC261985D58A00B03159 /* loremipsum2.txt */,
				5764DC271985D58A00B03159 /* loremipsum3.txt */,
				5764DC281985D58A00B03159 /* loremipsum4.txt */,
				5764DC291985D58A00B03159 /* loremipsum5.txt */,
				5764DC2A1985D58A00B03159 /* loremipsum6.txt */,
				5764DC2B1985D58A00B03159 /* loremipsum7.txt */,
				5764DC2C1985D58A00B03159 /* loremipsum8.txt */,
				5764DC2D1985D58A00B03159 /* loremipsum9.txt */,
			);
			sourceTree = "<group>";
		};
		5764DC151985D15200B03159 /* Products */ = {
			isa = PBXGroup;
			children = (
				5764DC141985D15200B03159 /* Explorem */,
			);
			name = Products;
			sourceTree = "<group>";
		};
		5764DC161985D15200B03159 /* Explorem */ = {
			isa = PBXGroup;
			children = (
				5764DC171985D15200B03159 /* main.swift */,
				5764DC1E1985D2B600B03159 /* LoremParser.swift */,
				5764DC1F1985D2B600B03159 /* Models.swift */,
				5764DC201985D2B600B03159 /* Multiset.swift */,
			);
			path = Explorem;
			sourceTree = "<group>";
		};
/* End PBXGroup section */

/* Begin PBXNativeTarget section */
		5764DC131985D15200B03159 /* Explorem */ = {
			isa = PBXNativeTarget;
			buildConfigurationList = 5764DC1B1985D15200B03159 /* Build configuration list for PBXNativeTarget "Explorem" */;
			buildPhases = (
				5764DC101985D15200B03159 /* Sources */,
				5764DC111985D15200B03159 /* Frameworks */,
				5764DC121985D15200B03159 /* CopyFiles */,
			);
			buildRules = (
			);
			dependencies = (
			);
			name = Explorem;
			productName = Explorem;
			productReference = 5764DC141985D15200B03159 /* Explorem */;
			productType = "com.apple.product-type.tool";
		};
/* End PBXNativeTarget section */

/* Begin PBXProject section */
		5764DC0C1985D15200B03159 /* Project object */ = {
			isa = PBXProject;
			attributes = {
				LastUpgradeCheck = 0600;
				ORGANIZATIONNAME = "the screaming organization";
				TargetAttributes = {
					5764DC131985D15200B03159 = {
						CreatedOnToolsVersion = 6.0;
					};
				};
			};
			buildConfigurationList = 5764DC0F1985D15200B03159 /* Build configuration list for PBXProject "Explorem" */;
			compatibilityVersion = "Xcode 3.2";
			developmentRegion = English;
			hasScannedForEncodings = 0;
			knownRegions = (
				en,
			);
			mainGroup = 5764DC0B1985D15200B03159;
			productRefGroup = 5764DC151985D15200B03159 /* Products */;
			projectDirPath = "";
			projectRoot = "";
			targets = (
				5764DC131985D15200B03159 /* Explorem */,
			);
		};
/* End PBXProject section */

/* Begin PBXSourcesBuildPhase section */
		5764DC101985D15200B03159 /* Sources */ = {
			isa = PBXSourcesBuildPhase;
			buildActionMask = 2147483647;
			files = (
				5764DC231985D2B600B03159 /* Multiset.swift in Sources */,
				5764DC221985D2B600B03159 /* Models.swift in Sources */,
				5764DC211985D2B600B03159 /* LoremParser.swift in Sources */,
				5764DC181985D15200B03159 /* main.swift in Sources */,
			);
			runOnlyForDeploymentPostprocessing = 0;
		};
/* End PBXSourcesBuildPhase section */

/* Begin XCBuildConfiguration section */
		5764DC191985D15200B03159 /* Debug */ = {
			isa = XCBuildConfiguration;
			buildSettings = {
				ALWAYS_SEARCH_USER_PATHS = NO;
				CLANG_CXX_LANGUAGE_STANDARD = "gnu++0x";
				CLANG_CXX_LIBRARY = "libc++";
				CLANG_ENABLE_MODULES = YES;
				CLANG_ENABLE_OBJC_ARC = YES;
				CLANG_WARN_BOOL_CONVERSION = YES;
				CLANG_WARN_CONSTANT_CONVERSION = YES;
				CLANG_WARN_DIRECT_OBJC_ISA_USAGE = YES_ERROR;
				CLANG_WARN_EMPTY_BODY = YES;
				CLANG_WARN_ENUM_CONVERSION = YES;
				CLANG_WARN_INT_CONVERSION = YES;
				CLANG_WARN_OBJC_ROOT_CLASS = YES_ERROR;
				CLANG_WARN_UNREACHABLE_CODE = YES;
				CLANG_WARN__DUPLICATE_METHOD_MATCH = YES;
				COPY_PHASE_STRIP = NO;
				ENABLE_STRICT_OBJC_MSGSEND = YES;
				GCC_C_LANGUAGE_STANDARD = gnu99;
				GCC_DYNAMIC_NO_PIC = NO;
				GCC_OPTIMIZATION_LEVEL = 0;
				GCC_PREPROCESSOR_DEFINITIONS = (
					"DEBUG=1",
					"$(inherited)",
				);
				GCC_SYMBOLS_PRIVATE_EXTERN = NO;
				GCC_WARN_64_TO_32_BIT_CONVERSION = YES;
				GCC_WARN_ABOUT_RETURN_TYPE = YES_ERROR;
				GCC_WARN_UNDECLARED_SELECTOR = YES;
				GCC_WARN_UNINITIALIZED_AUTOS = YES_AGGRESSIVE;
				GCC_WARN_UNUSED_FUNCTION = YES;
				GCC_WARN_UNUSED_VARIABLE = YES;
				MACOSX_DEPLOYMENT_TARGET = 10.10;
				MTL_ENABLE_DEBUG_INFO = YES;
				ONLY_ACTIVE_ARCH = YES;
				SDKROOT = macosx;
				SWIFT_OPTIMIZATION_LEVEL = "-Onone";
			};
			name = Debug;
		};
		5764DC1A1985D15200B03159 /* Release */ = {
			isa = XCBuildConfiguration;
			buildSettings = {
				ALWAYS_SEARCH_USER_PATHS = NO;
				CLANG_CXX_LANGUAGE_STANDARD = "gnu++0x";
				CLANG_CXX_LIBRARY = "libc++";
				CLANG_ENABLE_MODULES = YES;
				CLANG_ENABLE_OBJC_ARC = YES;
				CLANG_WARN_BOOL_CONVERSION = YES;
				CLANG_WARN_CONSTANT_CONVERSION = YES;
				CLANG_WARN_DIRECT_OBJC_ISA_USAGE = YES_ERROR;
				CLANG_WARN_EMPTY_BODY = YES;
				CLANG_WARN_ENUM_CONVERSION = YES;
				CLANG_WARN_INT_CONVERSION = YES;
				CLANG_WARN_OBJC_ROOT_CLASS = YES_ERROR;
				CLANG_WARN_UNREACHABLE_CODE = YES;
				CLANG_WARN__DUPLICATE_METHOD_MATCH = YES;
				COPY_PHASE_STRIP = YES;
				DEBUG_INFORMATION_FORMAT = "dwarf-with-dsym";
				ENABLE_NS_ASSERTIONS = NO;
				ENABLE_STRICT_OBJC_MSGSEND = YES;
				GCC_C_LANGUAGE_STANDARD = gnu99;
				GCC_WARN_64_TO_32_BIT_CONVERSION = YES;
				GCC_WARN_ABOUT_RETURN_TYPE = YES_ERROR;
				GCC_WARN_UNDECLARED_SELECTOR = YES;
				GCC_WARN_UNINITIALIZED_AUTOS = YES_AGGRESSIVE;
				GCC_WARN_UNUSED_FUNCTION = YES;
				GCC_WARN_UNUSED_VARIABLE = YES;
				MACOSX_DEPLOYMENT_TARGET = 10.10;
				MTL_ENABLE_DEBUG_INFO = NO;
				SDKROOT = macosx;
			};
			name = Release;
		};
		5764DC1C1985D15200B03159 /* Debug */ = {
			isa = XCBuildConfiguration;
			buildSettings = {
				PRODUCT_NAME = "$(TARGET_NAME)";
			};
			name = Debug;
		};
		5764DC1D1985D15200B03159 /* Release */ = {
			isa = XCBuildConfiguration;
			buildSettings = {
				PRODUCT_NAME = "$(TARGET_NAME)";
			};
			name = Release;
		};
/* End XCBuildConfiguration section */

/* Begin XCConfigurationList section */
		5764DC0F1985D15200B03159 /* Build configuration list for PBXProject "Explorem" */ = {
			isa = XCConfigurationList;
			buildConfigurations = (
				5764DC191985D15200B03159 /* Debug */,
				5764DC1A1985D15200B03159 /* Release */,
			);
			defaultConfigurationIsVisible = 0;
			defaultConfigurationName = Release;
		};
		5764DC1B1985D15200B03159 /* Build configuration list for PBXNativeTarget "Explorem" */ = {
			isa = XCConfigurationList;
			buildConfigurations = (
				5764DC1C1985D15200B03159 /* Debug */,
				5764DC1D1985D15200B03159 /* Release */,
			);
			defaultConfigurationIsVisible = 0;
			defaultConfigurationName = Release;
		};
/* End XCConfigurationList section */
	};
	rootObject = 5764DC0C1985D15200B03159 /* Project object */;
}
